<?xml version="1.0" encoding="utf-8"?>
<Project ToolsVersion="4.0" xmlns="http://schemas.microsoft.com/developer/msbuild/2003">
  <ItemGroup>
    <Filter Include="소스 파일">
      <UniqueIdentifier>{4FC737F1-C7A5-4376-A066-2A32D752A2FF}</UniqueIdentifier>
      <Extensions>cpp;c;cc;cxx;def;odl;idl;hpj;bat;asm;asmx</Extensions>
    </Filter>
    <Filter Include="헤더 파일">
      <UniqueIdentifier>{93995380-89BD-4b04-88EB-625FBE52EBFB}</UniqueIdentifier>
      <Extensions>h;hh;hpp;hxx;hm;inl;inc;xsd</Extensions>
    </Filter>
    <Filter Include="리소스 파일">
      <UniqueIdentifier>{67DA6AB6-F800-4c08-8B7A-83BB121AAD01}</UniqueIdentifier>
      <Extensions>rc;ico;cur;bmp;dlg;rc2;rct;bin;rgs;gif;jpg;jpeg;jpe;resx;tiff;tif;png;wav;mfcribbon-ms</Extensions>
    </Filter>
    <Filter Include="MainGame">
      <UniqueIdentifier>{ef548f89-a87d-4891-bcf1-affbd1665c8d}</UniqueIdentifier>
    </Filter>
    <Filter Include="Manager">
      <UniqueIdentifier>{9fa3f634-535e-4cf0-a017-14ef4f3e2b1e}</UniqueIdentifier>
    </Filter>
    <Filter Include="Manager\DeviceManager">
      <UniqueIdentifier>{8f9a3867-f014-449c-bd44-3c6ff7935f81}</UniqueIdentifier>
    </Filter>
    <Filter Include="Manager\KeyManager">
      <UniqueIdentifier>{785f9bf7-38a9-4456-8208-7015a8080b00}</UniqueIdentifier>
    </Filter>
    <Filter Include="Manager\ObjectManager">
      <UniqueIdentifier>{688c208c-db64-4784-b8a4-56e9ae4bb1cb}</UniqueIdentifier>
    </Filter>
    <Filter Include="Manager\TextureManager">
      <UniqueIdentifier>{cfd33b0b-a292-41fd-bd4c-79b8377557e2}</UniqueIdentifier>
    </Filter>
    <Filter Include="Manager\SoundManager">
      <UniqueIdentifier>{49f6067a-ab68-4e92-9583-cca8f0cd71e6}</UniqueIdentifier>
    </Filter>
    <Filter Include="UI">
      <UniqueIdentifier>{9ced6cdf-9317-417d-a8ef-f2d13a23be81}</UniqueIdentifier>
    </Filter>
    <Filter Include="Manager\FontManager">
      <UniqueIdentifier>{ca893c29-dd9d-48de-a08e-903a8b7c9847}</UniqueIdentifier>
    </Filter>
    <Filter Include="Lobby">
      <UniqueIdentifier>{fc5a2d6c-2305-41ee-97a8-123e8f568d34}</UniqueIdentifier>
    </Filter>
    <Filter Include="Manager\TimeManager">
      <UniqueIdentifier>{f69862b6-2c24-4572-83c8-3803170691e7}</UniqueIdentifier>
    </Filter>
    <Filter Include="Manager\TextManager">
      <UniqueIdentifier>{c04e62df-ada1-4e34-8fcb-42c936d75764}</UniqueIdentifier>
    </Filter>
    <Filter Include="PhysX">
      <UniqueIdentifier>{e0be0c2e-1783-44ff-9f5e-293f4e402548}</UniqueIdentifier>
    </Filter>
    <Filter Include="Thing">
      <UniqueIdentifier>{5139fb85-3366-43b9-beb0-b189ddf55405}</UniqueIdentifier>
    </Filter>
    <Filter Include="Map">
      <UniqueIdentifier>{eb723765-8d2d-4a37-a165-a41c1278c1a1}</UniqueIdentifier>
    </Filter>
    <Filter Include="Car">
      <UniqueIdentifier>{ba3e07fe-f5ce-42ac-86e8-83f92155ddd0}</UniqueIdentifier>
    </Filter>
    <Filter Include="Car\CarTextLoader">
      <UniqueIdentifier>{14829522-7bc6-4e69-9f30-d2e6f6641609}</UniqueIdentifier>
    </Filter>
    <Filter Include="Map\MapLoader">
      <UniqueIdentifier>{f802dfe3-fc95-41c5-9970-b49f867b6ee4}</UniqueIdentifier>
    </Filter>
    <Filter Include="Lobby\GameUI">
      <UniqueIdentifier>{342d65b4-950d-4b53-b19d-4633cb25ab06}</UniqueIdentifier>
    </Filter>
    <Filter Include="Thing\LobbyObjects">
      <UniqueIdentifier>{0d726d44-a965-45c6-8faa-8cce6d760210}</UniqueIdentifier>
    </Filter>
    <Filter Include="FileLoader">
      <UniqueIdentifier>{cd27d2c9-6d59-4b5c-9409-ebee0e1df671}</UniqueIdentifier>
    </Filter>
    <Filter Include="FileLoader\ObjectFileLoader">
      <UniqueIdentifier>{144d9af7-184c-4e71-8732-11e3daffcce2}</UniqueIdentifier>
    </Filter>
    <Filter Include="FileLoader\UserFileLoader">
      <UniqueIdentifier>{e809c21e-13aa-41b0-b2d8-5780c4627f1e}</UniqueIdentifier>
    </Filter>
    <Filter Include="Basic">
      <UniqueIdentifier>{68f0285e-643b-42fd-bae9-3439e804edfa}</UniqueIdentifier>
    </Filter>
    <Filter Include="Lobby\Network">
      <UniqueIdentifier>{84cc79f3-aed7-4131-be04-ad7204e1e0dc}</UniqueIdentifier>
    </Filter>
    <Filter Include="Lobby\GameUI\iLobby">
      <UniqueIdentifier>{4bd2d0cf-02fe-46be-b056-1640dc528541}</UniqueIdentifier>
    </Filter>
    <Filter Include="Manager\NetworkManager">
      <UniqueIdentifier>{f315a42a-f2a4-4d57-826e-39e128166c2d}</UniqueIdentifier>
    </Filter>
    <Filter Include="Manager\ItemManager">
      <UniqueIdentifier>{52227257-6077-4203-b22e-ab035207dd7c}</UniqueIdentifier>
    </Filter>
    <Filter Include="NewClass">
      <UniqueIdentifier>{92ea350d-78be-45e7-91bc-e1a14aae6bf8}</UniqueIdentifier>
    </Filter>
    <Filter Include="Manager\LightManager">
      <UniqueIdentifier>{1379161c-5a0c-4a2a-a084-e0215577d405}</UniqueIdentifier>
    </Filter>
    <Filter Include="Manager\CameraManager">
      <UniqueIdentifier>{587a0870-1bb6-48cd-961c-a13383a740cc}</UniqueIdentifier>
    </Filter>
    <Filter Include="PhysX\Basic">
      <UniqueIdentifier>{834fe347-aa20-40e9-84e0-994a5e7b8596}</UniqueIdentifier>
    </Filter>
    <Filter Include="Manager\SceneManager">
      <UniqueIdentifier>{19692273-e00a-4fdb-a8b6-be9c1bdb2ec8}</UniqueIdentifier>
    </Filter>
    <Filter Include="Scene">
      <UniqueIdentifier>{236645a6-b63a-4e85-9c06-9eebf628489f}</UniqueIdentifier>
    </Filter>
    <Filter Include="PhysX\NxFile">
      <UniqueIdentifier>{bf8fb7d6-8a6e-4a8f-910f-f69845dcbb6b}</UniqueIdentifier>
    </Filter>
    <Filter Include="AI">
      <UniqueIdentifier>{975a44ab-b41d-4632-ba53-23a592bbc9b7}</UniqueIdentifier>
    </Filter>
    <Filter Include="Item">
      <UniqueIdentifier>{002755df-2fcd-4585-a20d-ba657430f491}</UniqueIdentifier>
    </Filter>
    <Filter Include="Item\WaterBomb">
      <UniqueIdentifier>{dc2f9341-9736-45d5-83ba-db9198cc7d32}</UniqueIdentifier>
    </Filter>
    <Filter Include="Item\GravityBall">
      <UniqueIdentifier>{a26d8087-6cb4-481e-ac3e-9ee9e5b97c3d}</UniqueIdentifier>
    </Filter>
    <Filter Include="Item\Firework">
      <UniqueIdentifier>{d6c6e627-3050-44ec-98b5-77357c86a474}</UniqueIdentifier>
    </Filter>
  </ItemGroup>
  <ItemGroup>
    <Text Include="ReadMe.txt" />
  </ItemGroup>
  <ItemGroup>
    <ClInclude Include="targetver.h">
      <Filter>헤더 파일</Filter>
    </ClInclude>
    <ClInclude Include="Resource.h">
      <Filter>헤더 파일</Filter>
    </ClInclude>
    <ClInclude Include="MainGame.h">
      <Filter>MainGame</Filter>
    </ClInclude>
    <ClInclude Include="stdafx.h">
      <Filter>헤더 파일</Filter>
    </ClInclude>
    <ClInclude Include="DeviceManager.h">
      <Filter>Manager\DeviceManager</Filter>
    </ClInclude>
    <ClInclude Include="KeyManager.h">
      <Filter>Manager\KeyManager</Filter>
    </ClInclude>
    <ClInclude Include="Camera.h">
      <Filter>MainGame</Filter>
    </ClInclude>
    <ClInclude Include="Grid.h">
      <Filter>MainGame</Filter>
    </ClInclude>
    <ClInclude Include="Pyramid.h">
      <Filter>MainGame</Filter>
    </ClInclude>
    <ClInclude Include="ObjectLoader.h">
      <Filter>FileLoader\ObjectFileLoader</Filter>
    </ClInclude>
    <ClInclude Include="MtlTex.h">
      <Filter>FileLoader\ObjectFileLoader</Filter>
    </ClInclude>
    <ClInclude Include="Object.h">
      <Filter>FileLoader\ObjectFileLoader</Filter>
    </ClInclude>
    <ClInclude Include="ObjectManager.h">
      <Filter>Manager\ObjectManager</Filter>
    </ClInclude>
    <ClInclude Include="TextureManager.h">
      <Filter>Manager\TextureManager</Filter>
    </ClInclude>
    <ClInclude Include="SoundManager.h">
      <Filter>Manager\SoundManager</Filter>
    </ClInclude>
    <ClInclude Include="UIButton.h">
      <Filter>UI</Filter>
    </ClInclude>
    <ClInclude Include="UIObject.h">
      <Filter>UI</Filter>
    </ClInclude>
    <ClInclude Include="UIImageView.h">
      <Filter>UI</Filter>
    </ClInclude>
    <ClInclude Include="UITextChating.h">
      <Filter>UI</Filter>
    </ClInclude>
    <ClInclude Include="UITextView.h">
      <Filter>UI</Filter>
    </ClInclude>
    <ClInclude Include="FontManager.h">
      <Filter>Manager\FontManager</Filter>
    </ClInclude>
    <ClInclude Include="ObjectMap.h">
      <Filter>FileLoader\ObjectFileLoader</Filter>
    </ClInclude>
    <ClInclude Include="Lobby.h">
      <Filter>Lobby</Filter>
    </ClInclude>
    <ClInclude Include="TimeManager.h">
      <Filter>Manager\TimeManager</Filter>
    </ClInclude>
    <ClInclude Include="TextManager.h">
      <Filter>Manager\TextManager</Filter>
    </ClInclude>
    <ClInclude Include="MacroFunction.h">
      <Filter>헤더 파일</Filter>
    </ClInclude>
    <ClInclude Include="StandardStructure.h">
      <Filter>헤더 파일</Filter>
    </ClInclude>
    <ClInclude Include="InlineFunction.h">
      <Filter>헤더 파일</Filter>
    </ClInclude>
    <ClInclude Include="UserStream.h">
      <Filter>PhysX</Filter>
    </ClInclude>
    <ClInclude Include="RevoltProject.h">
      <Filter>헤더 파일</Filter>
    </ClInclude>
    <ClInclude Include="UITextImageView.h">
      <Filter>UI</Filter>
    </ClInclude>
    <ClInclude Include="Thing.h">
      <Filter>Thing</Filter>
    </ClInclude>
    <ClInclude Include="ThingManager.h">
      <Filter>Thing</Filter>
    </ClInclude>
    <ClInclude Include="Map.h">
      <Filter>Map</Filter>
    </ClInclude>
    <ClInclude Include="Car.h">
      <Filter>Car</Filter>
    </ClInclude>
    <ClInclude Include="CarTextLoader.h">
      <Filter>Car\CarTextLoader</Filter>
    </ClInclude>
    <ClInclude Include="MapLoader.h">
      <Filter>Map\MapLoader</Filter>
    </ClInclude>
    <ClInclude Include="SelectMap.h">
      <Filter>Lobby\GameUI</Filter>
    </ClInclude>
    <ClInclude Include="CarBox.h">
      <Filter>Thing\LobbyObjects</Filter>
    </ClInclude>
    <ClInclude Include="PickUpObject.h">
      <Filter>Thing\LobbyObjects</Filter>
    </ClInclude>
    <ClInclude Include="WheelTire.h">
      <Filter>Thing\LobbyObjects</Filter>
    </ClInclude>
    <ClInclude Include="InGameUI.h">
      <Filter>Lobby\GameUI</Filter>
    </ClInclude>
    <ClInclude Include="cPhysXManager.h">
      <Filter>Basic</Filter>
    </ClInclude>
    <ClInclude Include="cStringUtil.h">
      <Filter>Basic</Filter>
    </ClInclude>
    <ClInclude Include="cTrack.h">
      <Filter>Basic</Filter>
    </ClInclude>
    <ClInclude Include="cMesh.h">
      <Filter>Basic</Filter>
    </ClInclude>
    <ClInclude Include="cPhysX.h">
      <Filter>Basic</Filter>
    </ClInclude>
    <ClInclude Include="cTransform.h">
      <Filter>Basic</Filter>
    </ClInclude>
    <ClInclude Include="ProfileList.h">
      <Filter>FileLoader\UserFileLoader</Filter>
    </ClInclude>
    <ClInclude Include="UserFileLoader.h">
      <Filter>FileLoader\UserFileLoader</Filter>
    </ClInclude>
    <ClInclude Include="DEBUG_RENDERER.h">
      <Filter>PhysX</Filter>
    </ClInclude>
    <ClInclude Include="cFollowPoint.h">
      <Filter>Basic</Filter>
    </ClInclude>
    <ClInclude Include="cLight.h">
      <Filter>Basic</Filter>
    </ClInclude>
    <ClInclude Include="cStuff.h">
      <Filter>Basic</Filter>
    </ClInclude>
    <ClInclude Include="cCar.h">
      <Filter>Basic</Filter>
    </ClInclude>
    <ClInclude Include="cCheckBox.h">
      <Filter>Basic</Filter>
    </ClInclude>
    <ClInclude Include="cPickUp.h">
      <Filter>Basic</Filter>
    </ClInclude>
    <ClInclude Include="cWheel.h">
      <Filter>Basic</Filter>
    </ClInclude>
    <ClInclude Include="cNetwork.h">
      <Filter>Lobby\Network</Filter>
    </ClInclude>
    <ClInclude Include="cClient.h">
      <Filter>Lobby\Network</Filter>
    </ClInclude>
    <ClInclude Include="cCreateProfile.h">
      <Filter>Lobby\GameUI</Filter>
    </ClInclude>
    <ClInclude Include="iLobby.h">
      <Filter>Lobby\GameUI\iLobby</Filter>
    </ClInclude>
    <ClInclude Include="cSelectCarLob.h">
      <Filter>Lobby\GameUI</Filter>
    </ClInclude>
    <ClInclude Include="cNetworkLobby.h">
      <Filter>Lobby\GameUI</Filter>
    </ClInclude>
    <ClInclude Include="cViewCarLob.h">
      <Filter>Lobby\GameUI</Filter>
    </ClInclude>
    <ClInclude Include="cIntroLob.h">
      <Filter>Lobby\GameUI</Filter>
    </ClInclude>
    <ClInclude Include="cNetworkCreateRoom.h">
      <Filter>Lobby\GameUI</Filter>
    </ClInclude>
    <ClInclude Include="cNetworkInRoom.h">
      <Filter>Lobby\GameUI</Filter>
    </ClInclude>
    <ClInclude Include="cNetworkManager.h">
      <Filter>Manager\NetworkManager</Filter>
    </ClInclude>
    <ClInclude Include="cItem.h">
      <Filter>Item</Filter>
    </ClInclude>
    <ClInclude Include="ItemManager.h">
      <Filter>Manager\ItemManager</Filter>
    </ClInclude>
    <ClInclude Include="LightManager.h">
      <Filter>Manager\LightManager</Filter>
    </ClInclude>
    <ClInclude Include="CameraManager.h">
      <Filter>Manager\CameraManager</Filter>
    </ClInclude>
    <ClInclude Include="PhysX\cooking.h">
      <Filter>PhysX\Basic</Filter>
    </ClInclude>
    <ClInclude Include="SceneManager.h">
      <Filter>Manager\SceneManager</Filter>
    </ClInclude>
    <ClInclude Include="RacingScene.h">
      <Filter>Scene</Filter>
    </ClInclude>
    <ClInclude Include="LobbyScene.h">
      <Filter>Scene</Filter>
    </ClInclude>
    <ClInclude Include="GameNode.h">
      <Filter>Scene</Filter>
    </ClInclude>
    <ClInclude Include="PhysX\NxAllVehicles.h">
      <Filter>PhysX\NxFile</Filter>
    </ClInclude>
    <ClInclude Include="PhysX\NxLinearInterpolate3Values.h">
      <Filter>PhysX\NxFile</Filter>
    </ClInclude>
    <ClInclude Include="PhysX\NxLinearInterpolationValues.h">
      <Filter>PhysX\NxFile</Filter>
    </ClInclude>
    <ClInclude Include="PhysX\NxVehicle.h">
      <Filter>PhysX\NxFile</Filter>
    </ClInclude>
    <ClInclude Include="PhysX\NxVehicleDesc.h">
      <Filter>PhysX\NxFile</Filter>
    </ClInclude>
    <ClInclude Include="PhysX\NxVehicleGearDesc.h">
      <Filter>PhysX\NxFile</Filter>
    </ClInclude>
    <ClInclude Include="PhysX\NxVehicleGears.h">
      <Filter>PhysX\NxFile</Filter>
    </ClInclude>
    <ClInclude Include="PhysX\NxVehicleMotor.h">
      <Filter>PhysX\NxFile</Filter>
    </ClInclude>
    <ClInclude Include="PhysX\NxVehicleMotorDesc.h">
      <Filter>PhysX\NxFile</Filter>
    </ClInclude>
    <ClInclude Include="PhysX\NxWheel.h">
      <Filter>PhysX\NxFile</Filter>
    </ClInclude>
    <ClInclude Include="PhysX\NxWheelDesc.h">
      <Filter>PhysX\NxFile</Filter>
    </ClInclude>
    <ClInclude Include="cBillBoardEffect.h">
      <Filter>NewClass</Filter>
    </ClInclude>
    <ClInclude Include="cImpact.h">
      <Filter>Item</Filter>
    </ClInclude>
    <ClInclude Include="cAI_CtrlHandel.h">
      <Filter>AI</Filter>
    </ClInclude>
    <ClInclude Include="cAI_CtrlSpeed.h">
      <Filter>AI</Filter>
    </ClInclude>
    <ClInclude Include="cAI.h">
      <Filter>AI</Filter>
    </ClInclude>
    <ClInclude Include="cAI_Collider.h">
      <Filter>AI</Filter>
    </ClInclude>
    <ClInclude Include="cWbomb.h">
      <Filter>Item\WaterBomb</Filter>
    </ClInclude>
    <ClInclude Include="cWaterBombImpact.h">
      <Filter>Item\WaterBomb</Filter>
    </ClInclude>
    <ClInclude Include="cGravityball.h">
      <Filter>Item\GravityBall</Filter>
    </ClInclude>
    <ClInclude Include="GravityBallImpact.h">
      <Filter>Item\GravityBall</Filter>
    </ClInclude>
    <ClInclude Include="cFirework.h">
      <Filter>Item\Firework</Filter>
    </ClInclude>
  </ItemGroup>
  <ItemGroup>
    <ClCompile Include="RevoltProject.cpp">
      <Filter>소스 파일</Filter>
    </ClCompile>
    <ClCompile Include="MainGame.cpp">
      <Filter>MainGame</Filter>
    </ClCompile>
    <ClCompile Include="DeviceManager.cpp">
      <Filter>Manager\DeviceManager</Filter>
    </ClCompile>
    <ClCompile Include="KeyManager.cpp">
      <Filter>Manager\KeyManager</Filter>
    </ClCompile>
    <ClCompile Include="Camera.cpp">
      <Filter>MainGame</Filter>
    </ClCompile>
    <ClCompile Include="Pyramid.cpp">
      <Filter>MainGame</Filter>
    </ClCompile>
    <ClCompile Include="Grid.cpp">
      <Filter>MainGame</Filter>
    </ClCompile>
    <ClCompile Include="ObjectLoader.cpp">
      <Filter>FileLoader\ObjectFileLoader</Filter>
    </ClCompile>
    <ClCompile Include="MtlTex.cpp">
      <Filter>FileLoader\ObjectFileLoader</Filter>
    </ClCompile>
    <ClCompile Include="Object.cpp">
      <Filter>FileLoader\ObjectFileLoader</Filter>
    </ClCompile>
    <ClCompile Include="ObjectManager.cpp">
      <Filter>Manager\ObjectManager</Filter>
    </ClCompile>
    <ClCompile Include="TextureManager.cpp">
      <Filter>Manager\TextureManager</Filter>
    </ClCompile>
    <ClCompile Include="SoundManager.cpp">
      <Filter>Manager\SoundManager</Filter>
    </ClCompile>
    <ClCompile Include="UIButton.cpp">
      <Filter>UI</Filter>
    </ClCompile>
    <ClCompile Include="UIObject.cpp">
      <Filter>UI</Filter>
    </ClCompile>
    <ClCompile Include="UIImageView.cpp">
      <Filter>UI</Filter>
    </ClCompile>
    <ClCompile Include="UITextChating.cpp">
      <Filter>UI</Filter>
    </ClCompile>
    <ClCompile Include="UITextView.cpp">
      <Filter>UI</Filter>
    </ClCompile>
    <ClCompile Include="FontManager.cpp">
      <Filter>Manager\FontManager</Filter>
    </ClCompile>
    <ClCompile Include="ObjectMap.cpp">
      <Filter>FileLoader\ObjectFileLoader</Filter>
    </ClCompile>
    <ClCompile Include="Lobby.cpp">
      <Filter>Lobby</Filter>
    </ClCompile>
    <ClCompile Include="TimeManager.cpp">
      <Filter>Manager\TimeManager</Filter>
    </ClCompile>
    <ClCompile Include="TextManager.cpp">
      <Filter>Manager\TextManager</Filter>
    </ClCompile>
    <ClCompile Include="UserStream.cpp">
      <Filter>PhysX</Filter>
    </ClCompile>
    <ClCompile Include="stdafx.cpp">
      <Filter>소스 파일</Filter>
    </ClCompile>
    <ClCompile Include="UITextImageView.cpp">
      <Filter>UI</Filter>
    </ClCompile>
    <ClCompile Include="Thing.cpp">
      <Filter>Thing</Filter>
    </ClCompile>
    <ClCompile Include="ThingManager.cpp">
      <Filter>Thing</Filter>
    </ClCompile>
    <ClCompile Include="Map.cpp">
      <Filter>Map</Filter>
    </ClCompile>
    <ClCompile Include="Car.cpp">
      <Filter>Car</Filter>
    </ClCompile>
    <ClCompile Include="CarTextLoader.cpp">
      <Filter>Car\CarTextLoader</Filter>
    </ClCompile>
    <ClCompile Include="MapLoader.cpp">
      <Filter>Map\MapLoader</Filter>
    </ClCompile>
    <ClCompile Include="SelectMap.cpp">
      <Filter>Lobby\GameUI</Filter>
    </ClCompile>
    <ClCompile Include="CarBox.cpp">
      <Filter>Thing\LobbyObjects</Filter>
    </ClCompile>
    <ClCompile Include="PickUpObject.cpp">
      <Filter>Thing\LobbyObjects</Filter>
    </ClCompile>
    <ClCompile Include="WheelTire.cpp">
      <Filter>Thing\LobbyObjects</Filter>
    </ClCompile>
    <ClCompile Include="InGameUI.cpp">
      <Filter>Lobby\GameUI</Filter>
    </ClCompile>
    <ClCompile Include="cPhysXManager.cpp">
      <Filter>Basic</Filter>
    </ClCompile>
    <ClCompile Include="cStringUtil.cpp">
      <Filter>Basic</Filter>
    </ClCompile>
    <ClCompile Include="cTrack.cpp">
      <Filter>Basic</Filter>
    </ClCompile>
    <ClCompile Include="cMesh.cpp">
      <Filter>Basic</Filter>
    </ClCompile>
    <ClCompile Include="cPhysX.cpp">
      <Filter>Basic</Filter>
    </ClCompile>
    <ClCompile Include="cTransform.cpp">
      <Filter>Basic</Filter>
    </ClCompile>
    <ClCompile Include="ProfileList.cpp">
      <Filter>FileLoader\UserFileLoader</Filter>
    </ClCompile>
    <ClCompile Include="UserFileLoader.cpp">
      <Filter>FileLoader\UserFileLoader</Filter>
    </ClCompile>
    <ClCompile Include="DEBUG_RENDERER.cpp">
      <Filter>PhysX</Filter>
    </ClCompile>
    <ClCompile Include="cFollowPoint.cpp">
      <Filter>Basic</Filter>
    </ClCompile>
    <ClCompile Include="cLight.cpp">
      <Filter>Basic</Filter>
    </ClCompile>
    <ClCompile Include="cStuff.cpp">
      <Filter>Basic</Filter>
    </ClCompile>
    <ClCompile Include="cCar.cpp">
      <Filter>Basic</Filter>
    </ClCompile>
    <ClCompile Include="cCheckBox.cpp">
      <Filter>Basic</Filter>
    </ClCompile>
    <ClCompile Include="cPickUp.cpp">
      <Filter>Basic</Filter>
    </ClCompile>
    <ClCompile Include="cWheel.cpp">
      <Filter>Basic</Filter>
    </ClCompile>
    <ClCompile Include="cNetwork.cpp">
      <Filter>Lobby\Network</Filter>
    </ClCompile>
    <ClCompile Include="cClient.cpp">
      <Filter>Lobby\Network</Filter>
    </ClCompile>
    <ClCompile Include="cCreateProfile.cpp">
      <Filter>Lobby\GameUI</Filter>
    </ClCompile>
    <ClCompile Include="iLobby.cpp">
      <Filter>Lobby\GameUI\iLobby</Filter>
    </ClCompile>
    <ClCompile Include="cSelectCarLob.cpp">
      <Filter>Lobby\GameUI</Filter>
    </ClCompile>
    <ClCompile Include="cNetworkLobby.cpp">
      <Filter>Lobby\GameUI</Filter>
    </ClCompile>
    <ClCompile Include="cViewCarLob.cpp">
      <Filter>Lobby\GameUI</Filter>
    </ClCompile>
    <ClCompile Include="cIntroLob.cpp">
      <Filter>Lobby\GameUI</Filter>
    </ClCompile>
    <ClCompile Include="cNetworkCreateRoom.cpp">
      <Filter>Lobby\GameUI</Filter>
    </ClCompile>
    <ClCompile Include="cNetworkInRoom.cpp">
      <Filter>Lobby\GameUI</Filter>
    </ClCompile>
    <ClCompile Include="cNetworkManager.cpp">
      <Filter>Manager\NetworkManager</Filter>
    </ClCompile>
    <ClCompile Include="cItem.cpp">
      <Filter>Item</Filter>
    </ClCompile>
    <ClCompile Include="ItemManager.cpp">
      <Filter>Manager\ItemManager</Filter>
    </ClCompile>
    <ClCompile Include="LightManager.cpp">
      <Filter>Manager\LightManager</Filter>
    </ClCompile>
    <ClCompile Include="CameraManager.cpp">
      <Filter>Manager\CameraManager</Filter>
    </ClCompile>
    <ClCompile Include="PhysX\cooking.cpp">
      <Filter>PhysX\Basic</Filter>
    </ClCompile>
    <ClCompile Include="SceneManager.cpp">
      <Filter>Manager\SceneManager</Filter>
    </ClCompile>
    <ClCompile Include="RacingScene.cpp">
      <Filter>Scene</Filter>
    </ClCompile>
    <ClCompile Include="LobbyScene.cpp">
      <Filter>Scene</Filter>
    </ClCompile>
    <ClCompile Include="GameNode.cpp">
      <Filter>Scene</Filter>
    </ClCompile>
    <ClCompile Include="PhysX\NxWheel.cpp">
      <Filter>PhysX\NxFile</Filter>
    </ClCompile>
    <ClCompile Include="PhysX\NxVehicle.cpp">
      <Filter>PhysX\NxFile</Filter>
    </ClCompile>
    <ClCompile Include="PhysX\NxAllVehicles.cpp">
      <Filter>PhysX\NxFile</Filter>
    </ClCompile>
    <ClCompile Include="cBillBoardEffect.cpp">
      <Filter>NewClass</Filter>
    </ClCompile>
    <ClCompile Include="cImpact.cpp">
      <Filter>Item</Filter>
    </ClCompile>
    <ClCompile Include="cAI_CtrlHandel.cpp">
      <Filter>AI</Filter>
    </ClCompile>
    <ClCompile Include="cAI_CtrlSpeed.cpp">
      <Filter>AI</Filter>
    </ClCompile>
    <ClCompile Include="cAI.cpp">
      <Filter>AI</Filter>
    </ClCompile>
    <ClCompile Include="cAI_Collider.cpp">
      <Filter>AI</Filter>
    </ClCompile>
    <ClCompile Include="cWbomb.cpp">
      <Filter>Item\WaterBomb</Filter>
    </ClCompile>
    <ClCompile Include="cWaterBombImpact.cpp">
      <Filter>Item\WaterBomb</Filter>
    </ClCompile>
    <ClCompile Include="cGravityball.cpp">
      <Filter>Item\GravityBall</Filter>
    </ClCompile>
    <ClCompile Include="GravityBallImpact.cpp">
      <Filter>Item\GravityBall</Filter>
    </ClCompile>
    <ClCompile Include="cFirework.cpp">
      <Filter>Item\Firework</Filter>
    </ClCompile>
  </ItemGroup>
  <ItemGroup>
    <ResourceCompile Include="RevoltProject.rc">
      <Filter>리소스 파일</Filter>
    </ResourceCompile>
  </ItemGroup>
  <ItemGroup>
    <Image Include="small.ico">
      <Filter>리소스 파일</Filter>
    </Image>
    <Image Include="RevoltProject.ico">
      <Filter>리소스 파일</Filter>
    </Image>
  </ItemGroup>
</Project>